
Microsoft Visual Studio Solution File, Format Version 9.00
# Visual Studio 2005
Project("{94D665CA-D915-4DE1-AA53-913450A1AE2D}") = "HOG", "HOG\HOG.fsharpp", "{39D89C93-C1C8-409F-BD13-4658370848F2}"
EndProject
Global
	GlobalSection(SolutionConfigurationPlatforms) = preSolution
		Debug|Any CPU = Debug|Any CPU
		Debug|Mixed Platforms = Debug|Mixed Platforms
		Debug|Win32 = Debug|Win32
		Release|Any CPU = Release|Any CPU
		Release|Mixed Platforms = Release|Mixed Platforms
		Release|Win32 = Release|Win32
	EndGlobalSection
	GlobalSection(ProjectConfigurationPlatforms) = postSolution
		{39D89C93-C1C8-409F-BD13-4658370848F2}.Debug|Any CPU.ActiveCfg = Debug|Win32
		{39D89C93-C1C8-409F-BD13-4658370848F2}.Debug|Mixed Platforms.ActiveCfg = Debug|Win32
		{39D89C93-C1C8-409F-BD13-4658370848F2}.Debug|Mixed Platforms.Build.0 = Debug|Win32
		{39D89C93-C1C8-409F-BD13-4658370848F2}.Debug|Win32.ActiveCfg = Debug|Win32
		{39D89C93-C1C8-409F-BD13-4658370848F2}.Debug|Win32.Build.0 = Debug|Win32
		{39D89C93-C1C8-409F-BD13-4658370848F2}.Release|Any CPU.ActiveCfg = Release|Win32
		{39D89C93-C1C8-409F-BD13-4658370848F2}.Release|Mixed Platforms.ActiveCfg = Release|Win32
		{39D89C93-C1C8-409F-BD13-4658370848F2}.Release|Mixed Platforms.Build.0 = Release|Win32
		{39D89C93-C1C8-409F-BD13-4658370848F2}.Release|Win32.ActiveCfg = Release|Win32
		{39D89C93-C1C8-409F-BD13-4658370848F2}.Release|Win32.Build.0 = Release|Win32
	EndGlobalSection
	GlobalSection(SolutionProperties) = preSolution
		HideSolutionNode = FALSE
	EndGlobalSection
EndGlobal
