
Microsoft Visual Studio Solution File, Format Version 9.00
# Visual Studio 2005
Project("{94D665CA-D915-4DE1-AA53-913450A1AE2D}") = "HOG", "HOG\HOG.fsharpp", "{39D89C93-C1C8-409F-BD13-4658370848F2}"
	ProjectSection(WebsiteProperties) = preProject
		Debug.AspNetCompiler.Debug = "True"
		Release.AspNetCompiler.Debug = "False"
	EndProjectSection
	ProjectSection(ProjectDependencies) = postProject
		{F5874E23-CEEB-4E88-8AB9-DFF0D09FFE46} = {F5874E23-CEEB-4E88-8AB9-DFF0D09FFE46}
	EndProjectSection
EndProject
Project("{FAE04EC0-301F-11D3-BF4B-00C04F79EFBC}") = "GUI", "GUI\GUI.csproj", "{F5874E23-CEEB-4E88-8AB9-DFF0D09FFE46}"
	ProjectSection(WebsiteProperties) = preProject
		Debug.AspNetCompiler.Debug = "True"
		Release.AspNetCompiler.Debug = "False"
	EndProjectSection
	ProjectSection(ProjectDependencies) = postProject
		{A88D8F27-0A03-4AEC-A514-C2798160387E} = {A88D8F27-0A03-4AEC-A514-C2798160387E}
	EndProjectSection
EndProject
Project("{94D665CA-D915-4DE1-AA53-913450A1AE2D}") = "PstringControl", "PstringControl\PstringControl.fsharpp", "{A88D8F27-0A03-4AEC-A514-C2798160387E}"
	ProjectSection(WebsiteProperties) = preProject
		Debug.AspNetCompiler.Debug = "True"
		Release.AspNetCompiler.Debug = "False"
	EndProjectSection
EndProject
Global
	GlobalSection(SolutionConfigurationPlatforms) = preSolution
		Debug|Any CPU = Debug|Any CPU
		Debug|Mixed Platforms = Debug|Mixed Platforms
		Debug|Win32 = Debug|Win32
		Release|Any CPU = Release|Any CPU
		Release|Mixed Platforms = Release|Mixed Platforms
		Release|Win32 = Release|Win32
	EndGlobalSection
	GlobalSection(ProjectConfigurationPlatforms) = postSolution
		{39D89C93-C1C8-409F-BD13-4658370848F2}.Debug|Any CPU.ActiveCfg = Debug|Win32
		{39D89C93-C1C8-409F-BD13-4658370848F2}.Debug|Any CPU.Build.0 = Debug|Any CPU
		{39D89C93-C1C8-409F-BD13-4658370848F2}.Debug|Mixed Platforms.ActiveCfg = Debug|Win32
		{39D89C93-C1C8-409F-BD13-4658370848F2}.Debug|Mixed Platforms.Build.0 = Debug|Win32
		{39D89C93-C1C8-409F-BD13-4658370848F2}.Debug|Win32.ActiveCfg = Debug|Win32
		{39D89C93-C1C8-409F-BD13-4658370848F2}.Debug|Win32.Build.0 = Debug|Win32
		{39D89C93-C1C8-409F-BD13-4658370848F2}.Release|Any CPU.ActiveCfg = Release|Win32
		{39D89C93-C1C8-409F-BD13-4658370848F2}.Release|Any CPU.Build.0 = Release|Any CPU
		{39D89C93-C1C8-409F-BD13-4658370848F2}.Release|Mixed Platforms.ActiveCfg = Release|Win32
		{39D89C93-C1C8-409F-BD13-4658370848F2}.Release|Mixed Platforms.Build.0 = Release|Win32
		{39D89C93-C1C8-409F-BD13-4658370848F2}.Release|Win32.ActiveCfg = Release|Win32
		{39D89C93-C1C8-409F-BD13-4658370848F2}.Release|Win32.Build.0 = Release|Win32
		{F5874E23-CEEB-4E88-8AB9-DFF0D09FFE46}.Debug|Any CPU.ActiveCfg = Debug|Any CPU
		{F5874E23-CEEB-4E88-8AB9-DFF0D09FFE46}.Debug|Any CPU.Build.0 = Debug|Any CPU
		{F5874E23-CEEB-4E88-8AB9-DFF0D09FFE46}.Debug|Mixed Platforms.ActiveCfg = Debug|Any CPU
		{F5874E23-CEEB-4E88-8AB9-DFF0D09FFE46}.Debug|Mixed Platforms.Build.0 = Debug|Any CPU
		{F5874E23-CEEB-4E88-8AB9-DFF0D09FFE46}.Debug|Win32.ActiveCfg = Debug|Any CPU
		{F5874E23-CEEB-4E88-8AB9-DFF0D09FFE46}.Debug|Win32.Build.0 = Debug|Win32
		{F5874E23-CEEB-4E88-8AB9-DFF0D09FFE46}.Release|Any CPU.ActiveCfg = Release|Any CPU
		{F5874E23-CEEB-4E88-8AB9-DFF0D09FFE46}.Release|Any CPU.Build.0 = Release|Any CPU
		{F5874E23-CEEB-4E88-8AB9-DFF0D09FFE46}.Release|Mixed Platforms.ActiveCfg = Release|Any CPU
		{F5874E23-CEEB-4E88-8AB9-DFF0D09FFE46}.Release|Mixed Platforms.Build.0 = Release|Any CPU
		{F5874E23-CEEB-4E88-8AB9-DFF0D09FFE46}.Release|Win32.ActiveCfg = Release|Any CPU
		{F5874E23-CEEB-4E88-8AB9-DFF0D09FFE46}.Release|Win32.Build.0 = Release|Win32
		{A88D8F27-0A03-4AEC-A514-C2798160387E}.Debug|Any CPU.ActiveCfg = Debug|Win32
		{A88D8F27-0A03-4AEC-A514-C2798160387E}.Debug|Mixed Platforms.ActiveCfg = Debug|Win32
		{A88D8F27-0A03-4AEC-A514-C2798160387E}.Debug|Mixed Platforms.Build.0 = Debug|Win32
		{A88D8F27-0A03-4AEC-A514-C2798160387E}.Debug|Win32.ActiveCfg = Debug|Win32
		{A88D8F27-0A03-4AEC-A514-C2798160387E}.Debug|Win32.Build.0 = Debug|Win32
		{A88D8F27-0A03-4AEC-A514-C2798160387E}.Release|Any CPU.ActiveCfg = Release|Win32
		{A88D8F27-0A03-4AEC-A514-C2798160387E}.Release|Mixed Platforms.ActiveCfg = Release|Win32
		{A88D8F27-0A03-4AEC-A514-C2798160387E}.Release|Mixed Platforms.Build.0 = Release|Win32
		{A88D8F27-0A03-4AEC-A514-C2798160387E}.Release|Win32.ActiveCfg = Release|Win32
		{A88D8F27-0A03-4AEC-A514-C2798160387E}.Release|Win32.Build.0 = Release|Win32
	EndGlobalSection
	GlobalSection(SolutionProperties) = preSolution
		HideSolutionNode = FALSE
	EndGlobalSection
EndGlobal
